// !$*UTF8*$!
{
	archiveVersion = 1;
	classes = {};
	objectVersion = 60;
	objects = {

/* Begin PBXBuildFile section */
		B00000000000000000000001 /* CodexBridgeModels.swift in Sources */ = {isa = PBXBuildFile; fileRef = F00000000000000000000001 /* CodexBridgeModels.swift */; };
		B00000000000000000000002 /* CaptureValidator.swift in Sources */ = {isa = PBXBuildFile; fileRef = F00000000000000000000002 /* CaptureValidator.swift */; };
		B00000000000000000000003 /* ReferenceSerializer.swift in Sources */ = {isa = PBXBuildFile; fileRef = F00000000000000000000003 /* ReferenceSerializer.swift */; };
		B00000000000000000000004 /* ConversationRepository.swift in Sources */ = {isa = PBXBuildFile; fileRef = F00000000000000000000004 /* ConversationRepository.swift */; };
		B00000000000000000000005 /* ExecutionOrchestrator.swift in Sources */ = {isa = PBXBuildFile; fileRef = F00000000000000000000005 /* ExecutionOrchestrator.swift */; };
		B00000000000000000000006 /* AppModel.swift in Sources */ = {isa = PBXBuildFile; fileRef = F00000000000000000000006 /* AppModel.swift */; };
		B00000000000000000000007 /* SQLiteConversationRepository.swift in Sources */ = {isa = PBXBuildFile; fileRef = F00000000000000000000007 /* SQLiteConversationRepository.swift */; };
		B00000000000000000000008 /* JSONValue.swift in Sources */ = {isa = PBXBuildFile; fileRef = F00000000000000000000008 /* JSONValue.swift */; };
		B00000000000000000000009 /* CodexAppServerClient.swift in Sources */ = {isa = PBXBuildFile; fileRef = F00000000000000000000009 /* CodexAppServerClient.swift */; };
		B0000000000000000000000A /* AccessibilityPermissionController.swift in Sources */ = {isa = PBXBuildFile; fileRef = F0000000000000000000000A /* AccessibilityPermissionController.swift */; };
		B0000000000000000000000B /* CodexBridgeApp.swift in Sources */ = {isa = PBXBuildFile; fileRef = F0000000000000000000000B /* CodexBridgeApp.swift */; };
		B0000000000000000000000C /* RootView.swift in Sources */ = {isa = PBXBuildFile; fileRef = F0000000000000000000000C /* RootView.swift */; };
		B0000000000000000000000D /* HandoffEditorView.swift in Sources */ = {isa = PBXBuildFile; fileRef = F0000000000000000000000D /* HandoffEditorView.swift */; };
		B0000000000000000000000E /* SettingsView.swift in Sources */ = {isa = PBXBuildFile; fileRef = F0000000000000000000000E /* SettingsView.swift */; };
		B0000000000000000000000F /* NativeMessagingInstaller.swift in Sources */ = {isa = PBXBuildFile; fileRef = F00000000000000000000013 /* NativeMessagingInstaller.swift */; };
		B00000000000000000000010 /* extension in Resources */ = {isa = PBXBuildFile; fileRef = F00000000000000000000014 /* extension */; };
		B00000000000000000000011 /* CodexBridgeDesignSystem.swift in Sources */ = {isa = PBXBuildFile; fileRef = F00000000000000000000016 /* CodexBridgeDesignSystem.swift */; };
		B00000000000000000000012 /* Assets.xcassets in Resources */ = {isa = PBXBuildFile; fileRef = F00000000000000000000018 /* Assets.xcassets */; };
		B00000000000000000000013 /* AppUpdateChecker.swift in Sources */ = {isa = PBXBuildFile; fileRef = F00000000000000000000019 /* AppUpdateChecker.swift */; };
		B00000000000000000000014 /* DiagnosticsReport.swift in Sources */ = {isa = PBXBuildFile; fileRef = F0000000000000000000001A /* DiagnosticsReport.swift */; };
		B00000000000000000000015 /* NativeCaptureInbox.swift in Sources */ = {isa = PBXBuildFile; fileRef = F0000000000000000000001B /* NativeCaptureInbox.swift */; };
		B00000000000000000000016 /* ChatGPTAppBridge.swift in Sources */ = {isa = PBXBuildFile; fileRef = F0000000000000000000001C /* ChatGPTAppBridge.swift */; };
		B00000000000000000000017 /* RootViewComponents.swift in Sources */ = {isa = PBXBuildFile; fileRef = F0000000000000000000001D /* RootViewComponents.swift */; };
		B00000000000000000000018 /* ConversationWorkspaceComponents.swift in Sources */ = {isa = PBXBuildFile; fileRef = F0000000000000000000001E /* ConversationWorkspaceComponents.swift */; };
		B00000000000000000000019 /* AppUpdateInstaller.swift in Sources */ = {isa = PBXBuildFile; fileRef = F0000000000000000000001F /* AppUpdateInstaller.swift */; };
		B0000000000000000000001A /* release-version.txt in Resources */ = {isa = PBXBuildFile; fileRef = F00000000000000000000020 /* release-version.txt */; };
		B00000000000000000000100 /* libsqlite3.tbd in Frameworks */ = {isa = PBXBuildFile; fileRef = F00000000000000000000100 /* libsqlite3.tbd */; };
		B00000000000000000000201 /* CodexBridgeModels.swift in Sources */ = {isa = PBXBuildFile; fileRef = F00000000000000000000001 /* CodexBridgeModels.swift */; };
		B00000000000000000000202 /* CaptureValidator.swift in Sources */ = {isa = PBXBuildFile; fileRef = F00000000000000000000002 /* CaptureValidator.swift */; };
		B00000000000000000000203 /* ConversationRepository.swift in Sources */ = {isa = PBXBuildFile; fileRef = F00000000000000000000004 /* ConversationRepository.swift */; };
		B00000000000000000000204 /* SQLiteConversationRepository.swift in Sources */ = {isa = PBXBuildFile; fileRef = F00000000000000000000007 /* SQLiteConversationRepository.swift */; };
		B00000000000000000000205 /* NativeHostMain.swift in Sources */ = {isa = PBXBuildFile; fileRef = F0000000000000000000000F /* NativeHostMain.swift */; };
		B00000000000000000000206 /* libsqlite3.tbd in Frameworks */ = {isa = PBXBuildFile; fileRef = F00000000000000000000100 /* libsqlite3.tbd */; };
		B00000000000000000000207 /* ReferenceSerializer.swift in Sources */ = {isa = PBXBuildFile; fileRef = F00000000000000000000003 /* ReferenceSerializer.swift */; };
		B00000000000000000000301 /* CaptureValidatorTests.swift in Sources */ = {isa = PBXBuildFile; fileRef = F00000000000000000000010 /* CaptureValidatorTests.swift */; };
		B00000000000000000000302 /* ReferenceSerializerTests.swift in Sources */ = {isa = PBXBuildFile; fileRef = F00000000000000000000011 /* ReferenceSerializerTests.swift */; };
		B00000000000000000000303 /* ExecutionOrchestratorTests.swift in Sources */ = {isa = PBXBuildFile; fileRef = F00000000000000000000012 /* ExecutionOrchestratorTests.swift */; };
		B00000000000000000000305 /* SQLiteConversationRepositoryTests.swift in Sources */ = {isa = PBXBuildFile; fileRef = F00000000000000000000015 /* SQLiteConversationRepositoryTests.swift */; };
		B00000000000000000000304 /* Codex Bridge.app in Frameworks */ = {isa = PBXBuildFile; fileRef = F00000000000000000000200 /* Codex Bridge.app */; };
		B00000000000000000000400 /* CodexBridgeNativeHost in Copy Helper */ = {isa = PBXBuildFile; fileRef = F00000000000000000000201 /* CodexBridgeNativeHost */; };
		B00000000000000000000500 /* ConversationFiles.swift in Sources */ = {isa = PBXBuildFile; fileRef = F00000000000000000000500; };
		B00000000000000000001500 /* ConversationFiles.swift in Sources */ = {isa = PBXBuildFile; fileRef = F00000000000000000000500; };
		B00000000000000000000501 /* ConversationWorkspace.swift in Sources */ = {isa = PBXBuildFile; fileRef = F00000000000000000000501; };
		B00000000000000000000502 /* ChatGPTTranscriptParser.swift in Sources */ = {isa = PBXBuildFile; fileRef = F00000000000000000000502; };
/* End PBXBuildFile section */

/* Begin PBXContainerItemProxy section */
		C00000000000000000000001 /* PBXContainerItemProxy */ = {
			isa = PBXContainerItemProxy;
			containerPortal = P00000000000000000000001 /* Project object */;
			proxyType = 1;
			remoteGlobalIDString = T00000000000000000000002;
			remoteInfo = CodexBridgeNativeHost;
		};
		C00000000000000000000002 /* PBXContainerItemProxy */ = {
			isa = PBXContainerItemProxy;
			containerPortal = P00000000000000000000001 /* Project object */;
			proxyType = 1;
			remoteGlobalIDString = T00000000000000000000001;
			remoteInfo = CodexBridge;
		};
/* End PBXContainerItemProxy section */

/* Begin PBXCopyFilesBuildPhase section */
		D00000000000000000000001 /* Copy Helper */ = {
			isa = PBXCopyFilesBuildPhase;
			buildActionMask = 2147483647;
			dstPath = "Contents/Helpers";
			dstSubfolderSpec = 1;
			files = (B00000000000000000000400 /* CodexBridgeNativeHost in Copy Helper */,);
			name = "Copy Native Messaging Helper";
			runOnlyForDeploymentPostprocessing = 0;
		};
/* End PBXCopyFilesBuildPhase section */

/* Begin PBXFileReference section */
		F00000000000000000000001 /* CodexBridgeModels.swift */ = {isa = PBXFileReference; lastKnownFileType = sourcecode.swift; path = CodexBridgeModels.swift; sourceTree = "<group>"; };
		F00000000000000000000002 /* CaptureValidator.swift */ = {isa = PBXFileReference; lastKnownFileType = sourcecode.swift; path = CaptureValidator.swift; sourceTree = "<group>"; };
		F00000000000000000000003 /* ReferenceSerializer.swift */ = {isa = PBXFileReference; lastKnownFileType = sourcecode.swift; path = ReferenceSerializer.swift; sourceTree = "<group>"; };
		F00000000000000000000004 /* ConversationRepository.swift */ = {isa = PBXFileReference; lastKnownFileType = sourcecode.swift; path = ConversationRepository.swift; sourceTree = "<group>"; };
		F00000000000000000000005 /* ExecutionOrchestrator.swift */ = {isa = PBXFileReference; lastKnownFileType = sourcecode.swift; path = ExecutionOrchestrator.swift; sourceTree = "<group>"; };
		F00000000000000000000006 /* AppModel.swift */ = {isa = PBXFileReference; lastKnownFileType = sourcecode.swift; path = AppModel.swift; sourceTree = "<group>"; };
		F00000000000000000000007 /* SQLiteConversationRepository.swift */ = {isa = PBXFileReference; lastKnownFileType = sourcecode.swift; path = SQLiteConversationRepository.swift; sourceTree = "<group>"; };
		F00000000000000000000008 /* JSONValue.swift */ = {isa = PBXFileReference; lastKnownFileType = sourcecode.swift; path = JSONValue.swift; sourceTree = "<group>"; };
		F00000000000000000000009 /* CodexAppServerClient.swift */ = {isa = PBXFileReference; lastKnownFileType = sourcecode.swift; path = CodexAppServerClient.swift; sourceTree = "<group>"; };
		F0000000000000000000000A /* AccessibilityPermissionController.swift */ = {isa = PBXFileReference; lastKnownFileType = sourcecode.swift; path = AccessibilityPermissionController.swift; sourceTree = "<group>"; };
		F0000000000000000000000B /* CodexBridgeApp.swift */ = {isa = PBXFileReference; lastKnownFileType = sourcecode.swift; path = CodexBridgeApp.swift; sourceTree = "<group>"; };
		F0000000000000000000000C /* RootView.swift */ = {isa = PBXFileReference; lastKnownFileType = sourcecode.swift; path = RootView.swift; sourceTree = "<group>"; };
		F0000000000000000000000D /* HandoffEditorView.swift */ = {isa = PBXFileReference; lastKnownFileType = sourcecode.swift; path = HandoffEditorView.swift; sourceTree = "<group>"; };
		F0000000000000000000000E /* SettingsView.swift */ = {isa = PBXFileReference; lastKnownFileType = sourcecode.swift; path = SettingsView.swift; sourceTree = "<group>"; };
		F0000000000000000000000F /* NativeHostMain.swift */ = {isa = PBXFileReference; lastKnownFileType = sourcecode.swift; path = NativeHostMain.swift; sourceTree = "<group>"; };
		F00000000000000000000010 /* CaptureValidatorTests.swift */ = {isa = PBXFileReference; lastKnownFileType = sourcecode.swift; path = CaptureValidatorTests.swift; sourceTree = "<group>"; };
		F00000000000000000000011 /* ReferenceSerializerTests.swift */ = {isa = PBXFileReference; lastKnownFileType = sourcecode.swift; path = ReferenceSerializerTests.swift; sourceTree = "<group>"; };
		F00000000000000000000012 /* ExecutionOrchestratorTests.swift */ = {isa = PBXFileReference; lastKnownFileType = sourcecode.swift; path = ExecutionOrchestratorTests.swift; sourceTree = "<group>"; };
		F00000000000000000000013 /* NativeMessagingInstaller.swift */ = {isa = PBXFileReference; lastKnownFileType = sourcecode.swift; path = NativeMessagingInstaller.swift; sourceTree = "<group>"; };
		F00000000000000000000014 /* extension */ = {isa = PBXFileReference; lastKnownFileType = folder; name = extension; path = ../../extension; sourceTree = "<group>"; };
		F00000000000000000000015 /* SQLiteConversationRepositoryTests.swift */ = {isa = PBXFileReference; lastKnownFileType = sourcecode.swift; path = SQLiteConversationRepositoryTests.swift; sourceTree = "<group>"; };
		F00000000000000000000016 /* CodexBridgeDesignSystem.swift */ = {isa = PBXFileReference; lastKnownFileType = sourcecode.swift; path = CodexBridgeDesignSystem.swift; sourceTree = "<group>"; };
		F00000000000000000000018 /* Assets.xcassets */ = {isa = PBXFileReference; lastKnownFileType = folder.assetcatalog; path = Resources/Assets.xcassets; sourceTree = "<group>"; };
		F00000000000000000000019 /* AppUpdateChecker.swift */ = {isa = PBXFileReference; lastKnownFileType = sourcecode.swift; path = AppUpdateChecker.swift; sourceTree = "<group>"; };
		F0000000000000000000001A /* DiagnosticsReport.swift */ = {isa = PBXFileReference; lastKnownFileType = sourcecode.swift; path = DiagnosticsReport.swift; sourceTree = "<group>"; };
		F0000000000000000000001B /* NativeCaptureInbox.swift */ = {isa = PBXFileReference; lastKnownFileType = sourcecode.swift; path = NativeCaptureInbox.swift; sourceTree = "<group>"; };
		F0000000000000000000001C /* ChatGPTAppBridge.swift */ = {isa = PBXFileReference; lastKnownFileType = sourcecode.swift; path = ChatGPTAppBridge.swift; sourceTree = "<group>"; };
		F0000000000000000000001D /* RootViewComponents.swift */ = {isa = PBXFileReference; lastKnownFileType = sourcecode.swift; path = RootViewComponents.swift; sourceTree = "<group>"; };
		F0000000000000000000001E /* ConversationWorkspaceComponents.swift */ = {isa = PBXFileReference; lastKnownFileType = sourcecode.swift; path = ConversationWorkspaceComponents.swift; sourceTree = "<group>"; };
		F0000000000000000000001F /* AppUpdateInstaller.swift */ = {isa = PBXFileReference; lastKnownFileType = sourcecode.swift; path = AppUpdateInstaller.swift; sourceTree = "<group>"; };
		F00000000000000000000020 /* release-version.txt */ = {isa = PBXFileReference; lastKnownFileType = text; path = Resources/release-version.txt; sourceTree = "<group>"; };
		F00000000000000000000100 /* libsqlite3.tbd */ = {isa = PBXFileReference; lastKnownFileType = sourcecode.text-based-dylib-definition; name = libsqlite3.tbd; path = usr/lib/libsqlite3.tbd; sourceTree = SDKROOT; };
		F00000000000000000000200 /* Codex Bridge.app */ = {isa = PBXFileReference; explicitFileType = wrapper.application; includeInIndex = 0; path = "Codex Bridge.app"; sourceTree = BUILT_PRODUCTS_DIR; };
		F00000000000000000000201 /* CodexBridgeNativeHost */ = {isa = PBXFileReference; explicitFileType = "compiled.mach-o.executable"; includeInIndex = 0; path = CodexBridgeNativeHost; sourceTree = BUILT_PRODUCTS_DIR; };
		F00000000000000000000202 /* CodexBridgeAppTests.xctest */ = {isa = PBXFileReference; explicitFileType = wrapper.cfbundle; includeInIndex = 0; path = CodexBridgeAppTests.xctest; sourceTree = BUILT_PRODUCTS_DIR; };
		F00000000000000000000500 /* ConversationFiles.swift */ = {isa = PBXFileReference; lastKnownFileType = sourcecode.swift; path = ConversationFiles.swift; sourceTree = "<group>"; };
		F00000000000000000000501 /* ConversationWorkspace.swift */ = {isa = PBXFileReference; lastKnownFileType = sourcecode.swift; path = ConversationWorkspace.swift; sourceTree = "<group>"; };
		F00000000000000000000502 /* ChatGPTTranscriptParser.swift */ = {isa = PBXFileReference; lastKnownFileType = sourcecode.swift; path = ChatGPTTranscriptParser.swift; sourceTree = "<group>"; };
/* End PBXFileReference section */

/* Begin PBXFrameworksBuildPhase section */
		D00000000000000000000002 /* Frameworks */ = {isa = PBXFrameworksBuildPhase; buildActionMask = 2147483647; files = (B00000000000000000000100 /* libsqlite3.tbd in Frameworks */,); runOnlyForDeploymentPostprocessing = 0; };
		D00000000000000000000003 /* Frameworks */ = {isa = PBXFrameworksBuildPhase; buildActionMask = 2147483647; files = (B00000000000000000000206 /* libsqlite3.tbd in Frameworks */,); runOnlyForDeploymentPostprocessing = 0; };
		D00000000000000000000004 /* Frameworks */ = {isa = PBXFrameworksBuildPhase; buildActionMask = 2147483647; files = (B00000000000000000000304 /* Codex Bridge.app in Frameworks */,); runOnlyForDeploymentPostprocessing = 0; };
/* End PBXFrameworksBuildPhase section */

/* Begin PBXGroup section */
		G00000000000000000000001 = {
			isa = PBXGroup;
			children = (
				G00000000000000000000002 /* CodexBridgeApp */,
				G00000000000000000000007 /* CodexBridgeNativeHost */,
				G00000000000000000000008 /* CodexBridgeAppTests */,
				F00000000000000000000014 /* extension */,
				G00000000000000000000009 /* Frameworks */,
				G0000000000000000000000A /* Products */,
			);
			sourceTree = "<group>";
		};
		G00000000000000000000002 /* CodexBridgeApp */ = {
			isa = PBXGroup;
			children = (G00000000000000000000003 /* Domain */, G00000000000000000000004 /* Application */, G00000000000000000000005 /* Infrastructure */, G00000000000000000000006 /* Presentation */, F00000000000000000000018 /* Assets.xcassets */, F00000000000000000000020 /* release-version.txt */);
			path = CodexBridgeApp;
			sourceTree = "<group>";
		};
		G00000000000000000000003 /* Domain */ = {isa = PBXGroup; children = (F00000000000000000000500, F00000000000000000000001, F00000000000000000000002, F00000000000000000000003,); path = Domain; sourceTree = "<group>"; };
		G00000000000000000000004 /* Application */ = {isa = PBXGroup; children = (F00000000000000000000004, F00000000000000000000005, F00000000000000000000006, F00000000000000000000019, F0000000000000000000001F, F0000000000000000000001A,); path = Application; sourceTree = "<group>"; };
		G00000000000000000000005 /* Infrastructure */ = {isa = PBXGroup; children = (F00000000000000000000502, F00000000000000000000007, F00000000000000000000008, F00000000000000000000009, F0000000000000000000000A, F00000000000000000000013, F0000000000000000000001B, F0000000000000000000001C,); path = Infrastructure; sourceTree = "<group>"; };
		G00000000000000000000006 /* Presentation */ = {isa = PBXGroup; children = (F00000000000000000000501, F0000000000000000000001E, F0000000000000000000000B, F00000000000000000000016, F0000000000000000000000C, F0000000000000000000001D, F0000000000000000000000D, F0000000000000000000000E,); path = Presentation; sourceTree = "<group>"; };
		G00000000000000000000007 /* CodexBridgeNativeHost */ = {isa = PBXGroup; children = (F0000000000000000000000F,); path = CodexBridgeNativeHost; sourceTree = "<group>"; };
		G00000000000000000000008 /* CodexBridgeAppTests */ = {isa = PBXGroup; children = (F00000000000000000000010, F00000000000000000000011, F00000000000000000000012, F00000000000000000000015,); path = CodexBridgeAppTests; sourceTree = "<group>"; };
		G00000000000000000000009 /* Frameworks */ = {isa = PBXGroup; children = (F00000000000000000000100,); name = Frameworks; sourceTree = "<group>"; };
		G0000000000000000000000A /* Products */ = {isa = PBXGroup; children = (F00000000000000000000200, F00000000000000000000201, F00000000000000000000202,); name = Products; sourceTree = "<group>"; };
/* End PBXGroup section */

/* Begin PBXNativeTarget section */
		T00000000000000000000001 /* CodexBridge */ = {
			isa = PBXNativeTarget;
			buildConfigurationList = L00000000000000000000002 /* Build configuration list for PBXNativeTarget "CodexBridge" */;
			buildPhases = (D00000000000000000000005 /* Sources */, D00000000000000000000002 /* Frameworks */, D00000000000000000000006 /* Resources */, D00000000000000000000001 /* Copy Helper */,);
			buildRules = ();
			dependencies = (E00000000000000000000001 /* PBXTargetDependency */,);
			name = CodexBridge;
			productName = "Codex Bridge";
			productReference = F00000000000000000000200 /* Codex Bridge.app */;
			productType = "com.apple.product-type.application";
		};
		T00000000000000000000002 /* CodexBridgeNativeHost */ = {
			isa = PBXNativeTarget;
			buildConfigurationList = L00000000000000000000003 /* Build configuration list for PBXNativeTarget "CodexBridgeNativeHost" */;
			buildPhases = (D00000000000000000000007 /* Sources */, D00000000000000000000003 /* Frameworks */);
			buildRules = ();
			dependencies = ();
			name = CodexBridgeNativeHost;
			productName = CodexBridgeNativeHost;
			productReference = F00000000000000000000201 /* CodexBridgeNativeHost */;
			productType = "com.apple.product-type.tool";
		};
		T00000000000000000000003 /* CodexBridgeAppTests */ = {
			isa = PBXNativeTarget;
			buildConfigurationList = L00000000000000000000004 /* Build configuration list for PBXNativeTarget "CodexBridgeAppTests" */;
			buildPhases = (D00000000000000000000008 /* Sources */, D00000000000000000000004 /* Frameworks */, D00000000000000000000009 /* Resources */);
			buildRules = ();
			dependencies = (E00000000000000000000002 /* PBXTargetDependency */,);
			name = CodexBridgeAppTests;
			productName = CodexBridgeAppTests;
			productReference = F00000000000000000000202 /* CodexBridgeAppTests.xctest */;
			productType = "com.apple.product-type.bundle.unit-test";
		};
/* End PBXNativeTarget section */

/* Begin PBXProject section */
		P00000000000000000000001 /* Project object */ = {
			isa = PBXProject;
			attributes = {
				BuildIndependentTargetsInParallel = 1;
				LastSwiftUpdateCheck = 2650;
				LastUpgradeCheck = 2650;
				TargetAttributes = {
					T00000000000000000000001 = {CreatedOnToolsVersion = 26.5;};
					T00000000000000000000002 = {CreatedOnToolsVersion = 26.5;};
					T00000000000000000000003 = {CreatedOnToolsVersion = 26.5; TestTargetID = T00000000000000000000001;};
				};
			};
			buildConfigurationList = L00000000000000000000001 /* Build configuration list for PBXProject "CodexBridgeApp" */;
			compatibilityVersion = "Xcode 15.0";
			developmentRegion = zh_Hans;
			hasScannedForEncodings = 0;
			knownRegions = (Base, en, zh_Hans,);
			mainGroup = G00000000000000000000001;
			productRefGroup = G0000000000000000000000A /* Products */;
			projectDirPath = "";
			projectRoot = "";
			targets = (T00000000000000000000001 /* CodexBridge */, T00000000000000000000002 /* CodexBridgeNativeHost */, T00000000000000000000003 /* CodexBridgeAppTests */,);
		};
/* End PBXProject section */

/* Begin PBXResourcesBuildPhase section */
		D00000000000000000000006 /* Resources */ = {isa = PBXResourcesBuildPhase; buildActionMask = 2147483647; files = (B00000000000000000000010 /* extension in Resources */, B00000000000000000000012 /* Assets.xcassets in Resources */, B0000000000000000000001A /* release-version.txt in Resources */,); runOnlyForDeploymentPostprocessing = 0; };
		D00000000000000000000009 /* Resources */ = {isa = PBXResourcesBuildPhase; buildActionMask = 2147483647; files = (); runOnlyForDeploymentPostprocessing = 0; };
/* End PBXResourcesBuildPhase section */

/* Begin PBXSourcesBuildPhase section */
		D00000000000000000000005 /* Sources */ = {
			isa = PBXSourcesBuildPhase;
			buildActionMask = 2147483647;
			files = (B00000000000000000000502, B00000000000000000000501, B00000000000000000000018, B00000000000000000000500, B00000000000000000000001, B00000000000000000000002, B00000000000000000000003, B00000000000000000000004, B00000000000000000000005, B00000000000000000000006, B00000000000000000000013, B00000000000000000000019, B00000000000000000000014, B00000000000000000000015, B00000000000000000000016, B00000000000000000000007, B00000000000000000000008, B00000000000000000000009, B0000000000000000000000A, B0000000000000000000000F, B0000000000000000000000B, B00000000000000000000011, B0000000000000000000000C, B00000000000000000000017, B0000000000000000000000D, B0000000000000000000000E,);
			runOnlyForDeploymentPostprocessing = 0;
		};
		D00000000000000000000007 /* Sources */ = {isa = PBXSourcesBuildPhase; buildActionMask = 2147483647; files = (B00000000000000000001500, B00000000000000000000201, B00000000000000000000202, B00000000000000000000207, B00000000000000000000203, B00000000000000000000204, B00000000000000000000205,); runOnlyForDeploymentPostprocessing = 0; };
		D00000000000000000000008 /* Sources */ = {isa = PBXSourcesBuildPhase; buildActionMask = 2147483647; files = (B00000000000000000000301, B00000000000000000000302, B00000000000000000000303, B00000000000000000000305,); runOnlyForDeploymentPostprocessing = 0; };
/* End PBXSourcesBuildPhase section */

/* Begin PBXTargetDependency section */
		E00000000000000000000001 /* PBXTargetDependency */ = {isa = PBXTargetDependency; target = T00000000000000000000002 /* CodexBridgeNativeHost */; targetProxy = C00000000000000000000001 /* PBXContainerItemProxy */; };
		E00000000000000000000002 /* PBXTargetDependency */ = {isa = PBXTargetDependency; target = T00000000000000000000001 /* CodexBridge */; targetProxy = C00000000000000000000002 /* PBXContainerItemProxy */; };
/* End PBXTargetDependency section */

/* Begin XCBuildConfiguration section */
		X00000000000000000000001 /* Debug */ = {isa = XCBuildConfiguration; buildSettings = {ALWAYS_SEARCH_USER_PATHS = NO; CLANG_ENABLE_MODULES = YES; CLANG_ENABLE_OBJC_ARC = YES; COPY_PHASE_STRIP = NO; DEBUG_INFORMATION_FORMAT = dwarf; ENABLE_TESTABILITY = YES; GCC_C_LANGUAGE_STANDARD = gnu17; GCC_OPTIMIZATION_LEVEL = 0; MACOSX_DEPLOYMENT_TARGET = 14.0; ONLY_ACTIVE_ARCH = YES; SDKROOT = macosx; SWIFT_ACTIVE_COMPILATION_CONDITIONS = "DEBUG $(inherited)"; SWIFT_OPTIMIZATION_LEVEL = "-Onone"; }; name = Debug; };
		X00000000000000000000002 /* Release */ = {isa = XCBuildConfiguration; buildSettings = {ALWAYS_SEARCH_USER_PATHS = NO; CLANG_ENABLE_MODULES = YES; CLANG_ENABLE_OBJC_ARC = YES; COPY_PHASE_STRIP = NO; DEBUG_INFORMATION_FORMAT = "dwarf-with-dsym"; ENABLE_NS_ASSERTIONS = NO; GCC_C_LANGUAGE_STANDARD = gnu17; MACOSX_DEPLOYMENT_TARGET = 14.0; SDKROOT = macosx; SWIFT_COMPILATION_MODE = wholemodule; SWIFT_OPTIMIZATION_LEVEL = "-O"; }; name = Release; };
		X00000000000000000000003 /* Debug */ = {isa = XCBuildConfiguration; buildSettings = {ASSETCATALOG_COMPILER_APPICON_NAME = AppIcon; CODE_SIGN_IDENTITY = "-"; CODE_SIGN_STYLE = Automatic; COMBINE_HIDPI_IMAGES = YES; CURRENT_PROJECT_VERSION = 2; ENABLE_APP_SANDBOX = NO; ENABLE_HARDENED_RUNTIME = NO; GENERATE_INFOPLIST_FILE = YES; INFOPLIST_KEY_CFBundleDisplayName = "Codex Bridge"; INFOPLIST_KEY_LSApplicationCategoryType = "public.app-category.developer-tools"; INFOPLIST_KEY_NSAccessibilityUsageDescription = "Codex Bridge 仅在你主动操作时读取 ChatGPT App 当前窗口中辅助功能可见的文字，并填入由你确认的草稿。"; LD_RUNPATH_SEARCH_PATHS = "$(inherited) @executable_path/../Frameworks"; MARKETING_VERSION = 1.1.1; PRODUCT_BUNDLE_IDENTIFIER = app.codexbridge.macos; PRODUCT_MODULE_NAME = CodexBridge; PRODUCT_NAME = "Codex Bridge"; SWIFT_EMIT_LOC_STRINGS = YES; SWIFT_VERSION = 6.0; }; name = Debug; };
		X00000000000000000000004 /* Release */ = {isa = XCBuildConfiguration; buildSettings = {ASSETCATALOG_COMPILER_APPICON_NAME = AppIcon; CODE_SIGN_IDENTITY = "-"; CODE_SIGN_STYLE = Automatic; COMBINE_HIDPI_IMAGES = YES; CURRENT_PROJECT_VERSION = 2; ENABLE_APP_SANDBOX = NO; ENABLE_HARDENED_RUNTIME = YES; GENERATE_INFOPLIST_FILE = YES; INFOPLIST_KEY_CFBundleDisplayName = "Codex Bridge"; INFOPLIST_KEY_LSApplicationCategoryType = "public.app-category.developer-tools"; INFOPLIST_KEY_NSAccessibilityUsageDescription = "Codex Bridge 仅在你主动操作时读取 ChatGPT App 当前窗口中辅助功能可见的文字，并填入由你确认的草稿。"; LD_RUNPATH_SEARCH_PATHS = "$(inherited) @executable_path/../Frameworks"; MARKETING_VERSION = 1.1.1; PRODUCT_BUNDLE_IDENTIFIER = app.codexbridge.macos; PRODUCT_MODULE_NAME = CodexBridge; PRODUCT_NAME = "Codex Bridge"; SWIFT_EMIT_LOC_STRINGS = YES; SWIFT_VERSION = 6.0; }; name = Release; };
		X00000000000000000000005 /* Debug */ = {isa = XCBuildConfiguration; buildSettings = {CODE_SIGN_IDENTITY = "-"; CODE_SIGN_STYLE = Automatic; CURRENT_PROJECT_VERSION = 2; GENERATE_INFOPLIST_FILE = YES; MACOSX_DEPLOYMENT_TARGET = 14.0; MARKETING_VERSION = 1.1.1; PRODUCT_BUNDLE_IDENTIFIER = app.codexbridge.nativehost; PRODUCT_NAME = CodexBridgeNativeHost; SKIP_INSTALL = YES; SWIFT_VERSION = 6.0; }; name = Debug; };
		X00000000000000000000006 /* Release */ = {isa = XCBuildConfiguration; buildSettings = {CODE_SIGN_IDENTITY = "-"; CODE_SIGN_STYLE = Automatic; CURRENT_PROJECT_VERSION = 2; GENERATE_INFOPLIST_FILE = YES; MACOSX_DEPLOYMENT_TARGET = 14.0; MARKETING_VERSION = 1.1.1; PRODUCT_BUNDLE_IDENTIFIER = app.codexbridge.nativehost; PRODUCT_NAME = CodexBridgeNativeHost; SKIP_INSTALL = YES; SWIFT_VERSION = 6.0; }; name = Release; };
		X00000000000000000000007 /* Debug */ = {isa = XCBuildConfiguration; buildSettings = {BUNDLE_LOADER = "$(TEST_HOST)"; CODE_SIGN_IDENTITY = "-"; CODE_SIGN_STYLE = Automatic; GENERATE_INFOPLIST_FILE = YES; MACOSX_DEPLOYMENT_TARGET = 14.0; PRODUCT_BUNDLE_IDENTIFIER = app.codexbridge.tests; PRODUCT_NAME = "$(TARGET_NAME)"; SWIFT_VERSION = 6.0; TEST_HOST = "$(BUILT_PRODUCTS_DIR)/Codex Bridge.app/Contents/MacOS/Codex Bridge"; }; name = Debug; };
		X00000000000000000000008 /* Release */ = {isa = XCBuildConfiguration; buildSettings = {BUNDLE_LOADER = "$(TEST_HOST)"; CODE_SIGN_IDENTITY = "-"; CODE_SIGN_STYLE = Automatic; GENERATE_INFOPLIST_FILE = YES; MACOSX_DEPLOYMENT_TARGET = 14.0; PRODUCT_BUNDLE_IDENTIFIER = app.codexbridge.tests; PRODUCT_NAME = "$(TARGET_NAME)"; SWIFT_VERSION = 6.0; TEST_HOST = "$(BUILT_PRODUCTS_DIR)/Codex Bridge.app/Contents/MacOS/Codex Bridge"; }; name = Release; };
/* End XCBuildConfiguration section */

/* Begin XCConfigurationList section */
		L00000000000000000000001 /* Build configuration list for PBXProject "CodexBridgeApp" */ = {isa = XCConfigurationList; buildConfigurations = (X00000000000000000000001 /* Debug */, X00000000000000000000002 /* Release */,); defaultConfigurationIsVisible = 0; defaultConfigurationName = Release; };
		L00000000000000000000002 /* Build configuration list for PBXNativeTarget "CodexBridge" */ = {isa = XCConfigurationList; buildConfigurations = (X00000000000000000000003 /* Debug */, X00000000000000000000004 /* Release */,); defaultConfigurationIsVisible = 0; defaultConfigurationName = Release; };
		L00000000000000000000003 /* Build configuration list for PBXNativeTarget "CodexBridgeNativeHost" */ = {isa = XCConfigurationList; buildConfigurations = (X00000000000000000000005 /* Debug */, X00000000000000000000006 /* Release */,); defaultConfigurationIsVisible = 0; defaultConfigurationName = Release; };
		L00000000000000000000004 /* Build configuration list for PBXNativeTarget "CodexBridgeAppTests" */ = {isa = XCConfigurationList; buildConfigurations = (X00000000000000000000007 /* Debug */, X00000000000000000000008 /* Release */,); defaultConfigurationIsVisible = 0; defaultConfigurationName = Release; };
/* End XCConfigurationList section */
	};
	rootObject = P00000000000000000000001 /* Project object */;
}
